
Microsoft Visual Studio Solution File, Format Version 12.00
# Visual Studio 15
VisualStudioVersion = 15.0.28307.421
MinimumVisualStudioVersion = 10.0.40219.1
Project("{FAE04EC0-301F-11D3-BF4B-00C04F79EFBC}") = "GamblingApp", "GamblingApp\GamblingApp.csproj", "{F662C593-E073-485A-9408-4BB0A1FB24A3}"
EndProject
Global
	GlobalSection(SolutionConfigurationPlatforms) = preSolution
		Debug|Any CPU = Debug|Any CPU
		Release|Any CPU = Release|Any CPU
	EndGlobalSection
	GlobalSection(ProjectConfigurationPlatforms) = postSolution
		{F662C593-E073-485A-9408-4BB0A1FB24A3}.Debug|Any CPU.ActiveCfg = Debug|Any CPU
		{F662C593-E073-485A-9408-4BB0A1FB24A3}.Debug|Any CPU.Build.0 = Debug|Any CPU
		{F662C593-E073-485A-9408-4BB0A1FB24A3}.Release|Any CPU.ActiveCfg = Release|Any CPU
		{F662C593-E073-485A-9408-4BB0A1FB24A3}.Release|Any CPU.Build.0 = Release|Any CPU
	EndGlobalSection
	GlobalSection(SolutionProperties) = preSolution
		HideSolutionNode = FALSE
	EndGlobalSection
	GlobalSection(ExtensibilityGlobals) = postSolution
		SolutionGuid = {1E41AF42-4041-4866-B5EF-373288FF2488}
	EndGlobalSection
EndGlobal
